{"version":4,"terraform_version":"1.10.3","serial":37,"lineage":"ab4ccfac-d07e-01eb-70c9-36bf5cbab129","outputs":{"instance_ip":{"value":"35.173.201.43","type":"string"},"public_subnet_id":{"value":"subnet-07c2894f309a3e863","type":"string"},"rds_endpoint":{"value":"redmine-db.c8f6q6ssy6wm.us-east-1.rds.amazonaws.com:3306","type":"string"},"vpc_id":{"value":"vpc-02f986b85d7316faa","type":"string"}},"resources":[{"mode":"data","type":"aws_ami","name":"ubuntu","provider":"provider[\"registry.opentofu.org/hashicorp/aws\"]","instances":[{"schema_version":0,"attributes":{"allow_unsafe_filter":null,"architecture":"x86_64","arn":"arn:aws:ec2:us-east-1::image/ami-0fb0b230890ccd1e6","block_device_mappings":[{"device_name":"/dev/sda1","ebs":{"delete_on_termination":"true","encrypted":"false","iops":"0","snapshot_id":"snap-01a042ee8ac5da832","throughput":"0","volume_initialization_rate":"0","volume_size":"8","volume_type":"gp2"},"no_device":"","virtual_name":""},{"device_name":"/dev/sdb","ebs":{},"no_device":"","virtual_name":"ephemeral0"},{"device_name":"/dev/sdc","ebs":{},"no_device":"","virtual_name":"ephemeral1"}],"boot_mode":"legacy-bios","creation_date":"2025-06-25T05:33:11.000Z","deprecation_time":"2027-06-25T05:33:11.000Z","description":"Canonical, Ubuntu, 20.04, amd64 focal image","ena_support":true,"executable_users":null,"filter":[{"name":"name","values":["ubuntu/images/hvm-ssd/ubuntu-focal-20.04-amd64-server-*"]},{"name":"virtualization-type","values":["hvm"]}],"hypervisor":"xen","id":"ami-0fb0b230890ccd1e6","image_id":"ami-0fb0b230890ccd1e6","image_location":"amazon/ubuntu/images/hvm-ssd/ubuntu-focal-20.04-amd64-server-20250624","image_owner_alias":"amazon","image_type":"machine","imds_support":"","include_deprecated":false,"kernel_id":"","last_launched_time":"","most_recent":true,"name":"ubuntu/images/hvm-ssd/ubuntu-focal-20.04-amd64-server-20250624","name_regex":null,"owner_id":"099720109477","owners":["099720109477"],"platform":"","platform_details":"Linux/UNIX","product_codes":[],"public":true,"ramdisk_id":"","region":"us-east-1","root_device_name":"/dev/sda1","root_device_type":"ebs","root_snapshot_id":"snap-01a042ee8ac5da832","sriov_net_support":"simple","state":"available","state_reason":{"code":"UNSET","message":"UNSET"},"tags":{},"timeouts":null,"tpm_support":"","uefi_data":null,"usage_operation":"RunInstances","virtualization_type":"hvm"},"sensitive_attributes":[]}]},{"mode":"managed","type":"aws_db_instance","name":"redmine","provider":"provider[\"registry.opentofu.org/hashicorp/aws\"]","instances":[{"schema_version":2,"attributes":{"address":"redmine-db.c8f6q6ssy6wm.us-east-1.rds.amazonaws.com","allocated_storage":20,"allow_major_version_upgrade":null,"apply_immediately":false,"arn":"arn:aws:rds:us-east-1:473557153784:db:redmine-db","auto_minor_version_upgrade":true,"availability_zone":"us-east-1c","backup_retention_period":0,"backup_target":"region","backup_window":"06:10-06:40","blue_green_update":[],"ca_cert_identifier":"rds-ca-rsa2048-g1","character_set_name":"","copy_tags_to_snapshot":false,"custom_iam_instance_profile":"","customer_owned_ip_enabled":false,"database_insights_mode":"standard","db_name":"redmine_production","db_subnet_group_name":"terraform-20250730200404097800000002","dedicated_log_volume":false,"delete_automated_backups":true,"deletion_protection":false,"domain":"","domain_auth_secret_arn":"","domain_dns_ips":null,"domain_fqdn":"","domain_iam_role_name":"","domain_ou":"","enabled_cloudwatch_logs_exports":null,"endpoint":"redmine-db.c8f6q6ssy6wm.us-east-1.rds.amazonaws.com:3306","engine":"mysql","engine_lifecycle_support":"open-source-rds-extended-support","engine_version":"8.0","engine_version_actual":"8.0.41","final_snapshot_identifier":null,"hosted_zone_id":"Z2R2ITUGPM61AM","iam_database_authentication_enabled":false,"id":"db-GP7SS3S5YCVPXQWQZALLCAKXB4","identifier":"redmine-db","identifier_prefix":"","instance_class":"db.t3.micro","iops":0,"kms_key_id":"","latest_restorable_time":"","license_model":"general-public-license","listener_endpoint":[],"maintenance_window":"sun:03:17-sun:03:47","manage_master_user_password":null,"master_user_secret":[],"master_user_secret_kms_key_id":null,"max_allocated_storage":0,"monitoring_interval":0,"monitoring_role_arn":"","multi_az":false,"nchar_character_set_name":"","network_type":"IPV4","option_group_name":"default:mysql-8-0","parameter_group_name":"default.mysql8.0","password":"redmine_password","password_wo":null,"password_wo_version":null,"performance_insights_enabled":false,"performance_insights_kms_key_id":"","performance_insights_retention_period":0,"port":3306,"publicly_accessible":false,"region":"us-east-1","replica_mode":"","replicas":[],"replicate_source_db":"","resource_id":"db-GP7SS3S5YCVPXQWQZALLCAKXB4","restore_to_point_in_time":[],"s3_import":[],"skip_final_snapshot":true,"snapshot_identifier":null,"status":"available","storage_encrypted":false,"storage_throughput":0,"storage_type":"gp2","tags":{"Name":"Redmine RDS"},"tags_all":{"Name":"Redmine RDS"},"timeouts":null,"timezone":"","upgrade_storage_config":null,"username":"redmine","vpc_security_group_ids":["sg-0af9cf1059d7018da"]},"sensitive_attributes":[[{"type":"get_attr","value":"password_wo"}],[{"type":"get_attr","value":"password"}]],"private":"eyJlMmJmYjczMC1lY2FhLTExZTYtOGY4OC0zNDM2M2JjN2M0YzAiOnsiY3JlYXRlIjozMDAwMDAwMDAwMDAwLCJkZWxldGUiOjM2MDAwMDAwMDAwMDAsInVwZGF0ZSI6NDgwMDAwMDAwMDAwMH0sInNjaGVtYV92ZXJzaW9uIjoiMiJ9","dependencies":["aws_db_subnet_group.redmine","aws_security_group.rds_sg","aws_subnet.private_subnet_dos","aws_subnet.private_subnet_uno","aws_vpc.main"]}]},{"mode":"managed","type":"aws_db_subnet_group","name":"redmine","provider":"provider[\"registry.opentofu.org/hashicorp/aws\"]","instances":[{"schema_version":0,"attributes":{"arn":"arn:aws:rds:us-east-1:473557153784:subgrp:terraform-20250730200404097800000002","description":"Managed by Terraform","id":"terraform-20250730200404097800000002","name":"terraform-20250730200404097800000002","name_prefix":"terraform-","region":"us-east-1","subnet_ids":["subnet-05b868eb8fff45503","subnet-071475dd3b4e4037c"],"supported_network_types":["IPV4"],"tags":{"Name":"Redmine DB subnet group"},"tags_all":{"Name":"Redmine DB subnet group"},"vpc_id":"vpc-02f986b85d7316faa"},"sensitive_attributes":[],"private":"bnVsbA==","dependencies":["aws_subnet.private_subnet_dos","aws_subnet.private_subnet_uno","aws_vpc.main"]}]},{"mode":"managed","type":"aws_eip","name":"nat","provider":"provider[\"registry.opentofu.org/hashicorp/aws\"]","instances":[{"schema_version":0,"attributes":{"address":null,"allocation_id":"eipalloc-095a8eb274def6ac3","arn":"arn:aws:ec2:us-east-1:473557153784:elastic-ip/eipalloc-095a8eb274def6ac3","associate_with_private_ip":null,"association_id":"","carrier_ip":"","customer_owned_ip":"","customer_owned_ipv4_pool":"","domain":"vpc","id":"eipalloc-095a8eb274def6ac3","instance":"","ipam_pool_id":null,"network_border_group":"us-east-1","network_interface":"","private_dns":null,"private_ip":"","ptr_record":"","public_dns":"ec2-75-101-182-26.compute-1.amazonaws.com","public_ip":"75.101.182.26","public_ipv4_pool":"amazon","region":"us-east-1","tags":null,"tags_all":{},"timeouts":null},"sensitive_attributes":[],"private":"eyJlMmJmYjczMC1lY2FhLTExZTYtOGY4OC0zNDM2M2JjN2M0YzAiOnsiZGVsZXRlIjoxODAwMDAwMDAwMDAsInJlYWQiOjkwMDAwMDAwMDAwMCwidXBkYXRlIjozMDAwMDAwMDAwMDB9fQ==","dependencies":["aws_internet_gateway.igw","aws_vpc.main"]}]},{"mode":"managed","type":"aws_instance","name":"redmine","provider":"provider[\"registry.opentofu.org/hashicorp/aws\"]","instances":[{"schema_version":2,"attributes":{"ami":"ami-0fb0b230890ccd1e6","arn":"arn:aws:ec2:us-east-1:473557153784:instance/i-0636d718a3030d404","associate_public_ip_address":true,"availability_zone":"us-east-1a","capacity_reservation_specification":[{"capacity_reservation_preference":"open","capacity_reservation_target":[]}],"cpu_options":[{"amd_sev_snp":"","core_count":1,"threads_per_core":2}],"credit_specification":[{"cpu_credits":"unlimited"}],"disable_api_stop":false,"disable_api_termination":false,"ebs_block_device":[],"ebs_optimized":false,"enable_primary_ipv6":null,"enclave_options":[{"enabled":false}],"ephemeral_block_device":[],"get_password_data":false,"hibernation":false,"host_id":"","host_resource_group_arn":null,"iam_instance_profile":"","id":"i-0636d718a3030d404","instance_initiated_shutdown_behavior":"stop","instance_lifecycle":"","instance_market_options":[],"instance_state":"running","instance_type":"t3.small","ipv6_address_count":0,"ipv6_addresses":[],"key_name":"aws-key","launch_template":[],"maintenance_options":[{"auto_recovery":"default"}],"metadata_options":[{"http_endpoint":"enabled","http_protocol_ipv6":"disabled","http_put_response_hop_limit":1,"http_tokens":"optional","instance_metadata_tags":"disabled"}],"monitoring":false,"network_interface":[],"outpost_arn":"","password_data":"","placement_group":"","placement_partition_number":0,"primary_network_interface_id":"eni-03a47e26299a8440c","private_dns":"ip-10-0-1-149.ec2.internal","private_dns_name_options":[{"enable_resource_name_dns_a_record":false,"enable_resource_name_dns_aaaa_record":false,"hostname_type":"ip-name"}],"private_ip":"10.0.1.149","public_dns":"ec2-35-173-201-43.compute-1.amazonaws.com","public_ip":"35.173.201.43","region":"us-east-1","root_block_device":[{"delete_on_termination":true,"device_name":"/dev/sda1","encrypted":false,"iops":100,"kms_key_id":"","tags":{},"tags_all":{},"throughput":0,"volume_id":"vol-088674be1c4abec36","volume_size":8,"volume_type":"gp2"}],"secondary_private_ips":[],"security_groups":[],"source_dest_check":true,"spot_instance_request_id":"","subnet_id":"subnet-07c2894f309a3e863","tags":{"Name":"RedmineEC2"},"tags_all":{"Name":"RedmineEC2"},"tenancy":"default","timeouts":null,"user_data":null,"user_data_base64":null,"user_data_replace_on_change":false,"volume_tags":null,"vpc_security_group_ids":["sg-0306dba44e4ebc16d"]},"sensitive_attributes":[],"private":"eyJlMmJmYjczMC1lY2FhLTExZTYtOGY4OC0zNDM2M2JjN2M0YzAiOnsiY3JlYXRlIjo2MDAwMDAwMDAwMDAsImRlbGV0ZSI6MTIwMDAwMDAwMDAwMCwicmVhZCI6OTAwMDAwMDAwMDAwLCJ1cGRhdGUiOjYwMDAwMDAwMDAwMH0sInNjaGVtYV92ZXJzaW9uIjoiMiJ9","dependencies":["aws_key_pair.aws_key","aws_security_group.redmine_sg","aws_subnet.main_subnet","aws_vpc.main","data.aws_ami.ubuntu"]}]},{"mode":"managed","type":"aws_internet_gateway","name":"igw","provider":"provider[\"registry.opentofu.org/hashicorp/aws\"]","instances":[{"schema_version":0,"attributes":{"arn":"arn:aws:ec2:us-east-1:473557153784:internet-gateway/igw-06bd1cf0bf08aee10","id":"igw-06bd1cf0bf08aee10","owner_id":"473557153784","region":"us-east-1","tags":null,"tags_all":{},"timeouts":null,"vpc_id":"vpc-02f986b85d7316faa"},"sensitive_attributes":[],"private":"eyJlMmJmYjczMC1lY2FhLTExZTYtOGY4OC0zNDM2M2JjN2M0YzAiOnsiY3JlYXRlIjoxMjAwMDAwMDAwMDAwLCJkZWxldGUiOjEyMDAwMDAwMDAwMDAsInVwZGF0ZSI6MTIwMDAwMDAwMDAwMH19","dependencies":["aws_vpc.main"]}]},{"mode":"managed","type":"aws_key_pair","name":"aws_key","provider":"provider[\"registry.opentofu.org/hashicorp/aws\"]","instances":[{"schema_version":1,"attributes":{"arn":"arn:aws:ec2:us-east-1:473557153784:key-pair/aws-key","fingerprint":"mXBqNzBEffUt0RBOALxjdX2XRi2b1LV7F9YFYBa40Mg=","id":"aws-key","key_name":"aws-key","key_name_prefix":"","key_pair_id":"key-08d024694d2a38e2e","key_type":"ed25519","public_key":"ssh-ed25519 AAAAC3NzaC1lZDI1NTE5AAAAIADEBshmQ6Whrs1FUiNtHVRJBjwpNPFljhICvemk3hDx aws","region":"us-east-1","tags":null,"tags_all":{}},"sensitive_attributes":[],"private":"eyJzY2hlbWFfdmVyc2lvbiI6IjEifQ=="}]},{"mode":"managed","type":"aws_nat_gateway","name":"main","provider":"provider[\"registry.opentofu.org/hashicorp/aws\"]","instances":[{"schema_version":0,"attributes":{"allocation_id":"eipalloc-095a8eb274def6ac3","association_id":"eipassoc-02dcf6079ee5e8da0","connectivity_type":"public","id":"nat-065e71926764dfb14","network_interface_id":"eni-0ceb99fbef4377ecd","private_ip":"10.0.1.88","public_ip":"75.101.182.26","region":"us-east-1","secondary_allocation_ids":[],"secondary_private_ip_address_count":0,"secondary_private_ip_addresses":[],"subnet_id":"subnet-07c2894f309a3e863","tags":{"Name":"redmine-nat-gateway"},"tags_all":{"Name":"redmine-nat-gateway"},"timeouts":null},"sensitive_attributes":[],"private":"eyJlMmJmYjczMC1lY2FhLTExZTYtOGY4OC0zNDM2M2JjN2M0YzAiOnsiY3JlYXRlIjo2MDAwMDAwMDAwMDAsImRlbGV0ZSI6MTgwMDAwMDAwMDAwMCwidXBkYXRlIjo2MDAwMDAwMDAwMDB9fQ==","dependencies":["aws_eip.nat","aws_internet_gateway.igw","aws_subnet.main_subnet","aws_vpc.main"]}]},{"mode":"managed","type":"aws_route_table","name":"private_rt","provider":"provider[\"registry.opentofu.org/hashicorp/aws\"]","instances":[{"schema_version":0,"attributes":{"arn":"arn:aws:ec2:us-east-1:473557153784:route-table/rtb-0eea3d33122bb0b6e","id":"rtb-0eea3d33122bb0b6e","owner_id":"473557153784","propagating_vgws":[],"region":"us-east-1","route":[{"carrier_gateway_id":"","cidr_block":"0.0.0.0/0","core_network_arn":"","destination_prefix_list_id":"","egress_only_gateway_id":"","gateway_id":"","ipv6_cidr_block":"","local_gateway_id":"","nat_gateway_id":"nat-065e71926764dfb14","network_interface_id":"","transit_gateway_id":"","vpc_endpoint_id":"","vpc_peering_connection_id":""}],"tags":{"Name":"redmine-private-rt"},"tags_all":{"Name":"redmine-private-rt"},"timeouts":null,"vpc_id":"vpc-02f986b85d7316faa"},"sensitive_attributes":[],"private":"eyJlMmJmYjczMC1lY2FhLTExZTYtOGY4OC0zNDM2M2JjN2M0YzAiOnsiY3JlYXRlIjozMDAwMDAwMDAwMDAsImRlbGV0ZSI6MzAwMDAwMDAwMDAwLCJ1cGRhdGUiOjEyMDAwMDAwMDAwMH19","dependencies":["aws_eip.nat","aws_internet_gateway.igw","aws_nat_gateway.main","aws_subnet.main_subnet","aws_vpc.main"]}]},{"mode":"managed","type":"aws_route_table","name":"public_rt","provider":"provider[\"registry.opentofu.org/hashicorp/aws\"]","instances":[{"schema_version":0,"attributes":{"arn":"arn:aws:ec2:us-east-1:473557153784:route-table/rtb-0ed5c4f6561dc59d9","id":"rtb-0ed5c4f6561dc59d9","owner_id":"473557153784","propagating_vgws":[],"region":"us-east-1","route":[{"carrier_gateway_id":"","cidr_block":"0.0.0.0/0","core_network_arn":"","destination_prefix_list_id":"","egress_only_gateway_id":"","gateway_id":"igw-06bd1cf0bf08aee10","ipv6_cidr_block":"","local_gateway_id":"","nat_gateway_id":"","network_interface_id":"","transit_gateway_id":"","vpc_endpoint_id":"","vpc_peering_connection_id":""}],"tags":{"Name":"redmine-public-rt"},"tags_all":{"Name":"redmine-public-rt"},"timeouts":null,"vpc_id":"vpc-02f986b85d7316faa"},"sensitive_attributes":[],"private":"eyJlMmJmYjczMC1lY2FhLTExZTYtOGY4OC0zNDM2M2JjN2M0YzAiOnsiY3JlYXRlIjozMDAwMDAwMDAwMDAsImRlbGV0ZSI6MzAwMDAwMDAwMDAwLCJ1cGRhdGUiOjEyMDAwMDAwMDAwMH19","dependencies":["aws_internet_gateway.igw","aws_vpc.main"]}]},{"mode":"managed","type":"aws_route_table_association","name":"private_rt_assoc","provider":"provider[\"registry.opentofu.org/hashicorp/aws\"]","instances":[{"schema_version":0,"attributes":{"gateway_id":"","id":"rtbassoc-008c70d36d69d96d9","region":"us-east-1","route_table_id":"rtb-0eea3d33122bb0b6e","subnet_id":"subnet-071475dd3b4e4037c","timeouts":null},"sensitive_attributes":[],"private":"eyJlMmJmYjczMC1lY2FhLTExZTYtOGY4OC0zNDM2M2JjN2M0YzAiOnsiY3JlYXRlIjozMDAwMDAwMDAwMDAsImRlbGV0ZSI6MzAwMDAwMDAwMDAwLCJ1cGRhdGUiOjEyMDAwMDAwMDAwMH19","dependencies":["aws_eip.nat","aws_internet_gateway.igw","aws_nat_gateway.main","aws_route_table.private_rt","aws_subnet.main_subnet","aws_subnet.private_subnet_uno","aws_vpc.main"]}]},{"mode":"managed","type":"aws_route_table_association","name":"public_rt_assoc","provider":"provider[\"registry.opentofu.org/hashicorp/aws\"]","instances":[{"schema_version":0,"attributes":{"gateway_id":"","id":"rtbassoc-0ebe2e31baf9c4406","region":"us-east-1","route_table_id":"rtb-0ed5c4f6561dc59d9","subnet_id":"subnet-07c2894f309a3e863","timeouts":null},"sensitive_attributes":[],"private":"eyJlMmJmYjczMC1lY2FhLTExZTYtOGY4OC0zNDM2M2JjN2M0YzAiOnsiY3JlYXRlIjozMDAwMDAwMDAwMDAsImRlbGV0ZSI6MzAwMDAwMDAwMDAwLCJ1cGRhdGUiOjEyMDAwMDAwMDAwMH19","dependencies":["aws_internet_gateway.igw","aws_route_table.public_rt","aws_subnet.main_subnet","aws_vpc.main"]}]},{"mode":"managed","type":"aws_security_group","name":"rds_sg","provider":"provider[\"registry.opentofu.org/hashicorp/aws\"]","instances":[{"schema_version":1,"attributes":{"arn":"arn:aws:ec2:us-east-1:473557153784:security-group/sg-0af9cf1059d7018da","description":"Allow MySQL access from EC2","egress":[{"cidr_blocks":["0.0.0.0/0"],"description":"","from_port":0,"ipv6_cidr_blocks":[],"prefix_list_ids":[],"protocol":"-1","security_groups":[],"self":false,"to_port":0}],"id":"sg-0af9cf1059d7018da","ingress":[{"cidr_blocks":["10.0.0.0/16"],"description":"","from_port":3306,"ipv6_cidr_blocks":[],"prefix_list_ids":[],"protocol":"tcp","security_groups":[],"self":false,"to_port":3306}],"name":"rds_redmine_sg","name_prefix":"","owner_id":"473557153784","region":"us-east-1","revoke_rules_on_delete":false,"tags":null,"tags_all":{},"timeouts":null,"vpc_id":"vpc-02f986b85d7316faa"},"sensitive_attributes":[],"private":"eyJlMmJmYjczMC1lY2FhLTExZTYtOGY4OC0zNDM2M2JjN2M0YzAiOnsiY3JlYXRlIjo2MDAwMDAwMDAwMDAsImRlbGV0ZSI6OTAwMDAwMDAwMDAwfSwic2NoZW1hX3ZlcnNpb24iOiIxIn0=","dependencies":["aws_vpc.main"]}]},{"mode":"managed","type":"aws_security_group","name":"redmine_sg","provider":"provider[\"registry.opentofu.org/hashicorp/aws\"]","instances":[{"schema_version":1,"attributes":{"arn":"arn:aws:ec2:us-east-1:473557153784:security-group/sg-0306dba44e4ebc16d","description":"Allow SSH and HTTP","egress":[],"id":"sg-0306dba44e4ebc16d","ingress":[],"name":"redmine_sg","name_prefix":"","owner_id":"473557153784","region":"us-east-1","revoke_rules_on_delete":false,"tags":null,"tags_all":{},"timeouts":null,"vpc_id":"vpc-02f986b85d7316faa"},"sensitive_attributes":[],"private":"eyJlMmJmYjczMC1lY2FhLTExZTYtOGY4OC0zNDM2M2JjN2M0YzAiOnsiY3JlYXRlIjo2MDAwMDAwMDAwMDAsImRlbGV0ZSI6OTAwMDAwMDAwMDAwfSwic2NoZW1hX3ZlcnNpb24iOiIxIn0=","dependencies":["aws_vpc.main"]}]},{"mode":"managed","type":"aws_subnet","name":"main_subnet","provider":"provider[\"registry.opentofu.org/hashicorp/aws\"]","instances":[{"schema_version":1,"attributes":{"arn":"arn:aws:ec2:us-east-1:473557153784:subnet/subnet-07c2894f309a3e863","assign_ipv6_address_on_creation":false,"availability_zone":"us-east-1a","availability_zone_id":"use1-az6","cidr_block":"10.0.1.0/24","customer_owned_ipv4_pool":"","enable_dns64":false,"enable_lni_at_device_index":0,"enable_resource_name_dns_a_record_on_launch":false,"enable_resource_name_dns_aaaa_record_on_launch":false,"id":"subnet-07c2894f309a3e863","ipv6_cidr_block":"","ipv6_cidr_block_association_id":"","ipv6_native":false,"map_customer_owned_ip_on_launch":false,"map_public_ip_on_launch":true,"outpost_arn":"","owner_id":"473557153784","private_dns_hostname_type_on_launch":"ip-name","region":"us-east-1","tags":{"Name":"redmine-public-subnet"},"tags_all":{"Name":"redmine-public-subnet"},"timeouts":null,"vpc_id":"vpc-02f986b85d7316faa"},"sensitive_attributes":[],"private":"eyJlMmJmYjczMC1lY2FhLTExZTYtOGY4OC0zNDM2M2JjN2M0YzAiOnsiY3JlYXRlIjo2MDAwMDAwMDAwMDAsImRlbGV0ZSI6MTIwMDAwMDAwMDAwMH0sInNjaGVtYV92ZXJzaW9uIjoiMSJ9","dependencies":["aws_vpc.main"]}]},{"mode":"managed","type":"aws_subnet","name":"private_subnet_dos","provider":"provider[\"registry.opentofu.org/hashicorp/aws\"]","instances":[{"schema_version":1,"attributes":{"arn":"arn:aws:ec2:us-east-1:473557153784:subnet/subnet-05b868eb8fff45503","assign_ipv6_address_on_creation":false,"availability_zone":"us-east-1c","availability_zone_id":"use1-az2","cidr_block":"10.0.3.0/24","customer_owned_ipv4_pool":"","enable_dns64":false,"enable_lni_at_device_index":0,"enable_resource_name_dns_a_record_on_launch":false,"enable_resource_name_dns_aaaa_record_on_launch":false,"id":"subnet-05b868eb8fff45503","ipv6_cidr_block":"","ipv6_cidr_block_association_id":"","ipv6_native":false,"map_customer_owned_ip_on_launch":false,"map_public_ip_on_launch":false,"outpost_arn":"","owner_id":"473557153784","private_dns_hostname_type_on_launch":"ip-name","region":"us-east-1","tags":{"Name":"redmine-private-subnet-b"},"tags_all":{"Name":"redmine-private-subnet-b"},"timeouts":null,"vpc_id":"vpc-02f986b85d7316faa"},"sensitive_attributes":[],"private":"eyJlMmJmYjczMC1lY2FhLTExZTYtOGY4OC0zNDM2M2JjN2M0YzAiOnsiY3JlYXRlIjo2MDAwMDAwMDAwMDAsImRlbGV0ZSI6MTIwMDAwMDAwMDAwMH0sInNjaGVtYV92ZXJzaW9uIjoiMSJ9","dependencies":["aws_vpc.main"]}]},{"mode":"managed","type":"aws_subnet","name":"private_subnet_uno","provider":"provider[\"registry.opentofu.org/hashicorp/aws\"]","instances":[{"schema_version":1,"attributes":{"arn":"arn:aws:ec2:us-east-1:473557153784:subnet/subnet-071475dd3b4e4037c","assign_ipv6_address_on_creation":false,"availability_zone":"us-east-1b","availability_zone_id":"use1-az1","cidr_block":"10.0.2.0/24","customer_owned_ipv4_pool":"","enable_dns64":false,"enable_lni_at_device_index":0,"enable_resource_name_dns_a_record_on_launch":false,"enable_resource_name_dns_aaaa_record_on_launch":false,"id":"subnet-071475dd3b4e4037c","ipv6_cidr_block":"","ipv6_cidr_block_association_id":"","ipv6_native":false,"map_customer_owned_ip_on_launch":false,"map_public_ip_on_launch":false,"outpost_arn":"","owner_id":"473557153784","private_dns_hostname_type_on_launch":"ip-name","region":"us-east-1","tags":{"Name":"redmine-private-subnet-a"},"tags_all":{"Name":"redmine-private-subnet-a"},"timeouts":null,"vpc_id":"vpc-02f986b85d7316faa"},"sensitive_attributes":[],"private":"eyJlMmJmYjczMC1lY2FhLTExZTYtOGY4OC0zNDM2M2JjN2M0YzAiOnsiY3JlYXRlIjo2MDAwMDAwMDAwMDAsImRlbGV0ZSI6MTIwMDAwMDAwMDAwMH0sInNjaGVtYV92ZXJzaW9uIjoiMSJ9","dependencies":["aws_vpc.main"]}]},{"mode":"managed","type":"aws_vpc","name":"main","provider":"provider[\"registry.opentofu.org/hashicorp/aws\"]","instances":[{"schema_version":1,"attributes":{"arn":"arn:aws:ec2:us-east-1:473557153784:vpc/vpc-02f986b85d7316faa","assign_generated_ipv6_cidr_block":false,"cidr_block":"10.0.0.0/16","default_network_acl_id":"acl-0b25f003e2cd1bd53","default_route_table_id":"rtb-0aeaa944eccb5b947","default_security_group_id":"sg-0e7626a29d1e1a295","dhcp_options_id":"dopt-0b34aeb346cefda04","enable_dns_hostnames":true,"enable_dns_support":true,"enable_network_address_usage_metrics":false,"id":"vpc-02f986b85d7316faa","instance_tenancy":"default","ipv4_ipam_pool_id":null,"ipv4_netmask_length":null,"ipv6_association_id":"","ipv6_cidr_block":"","ipv6_cidr_block_network_border_group":"","ipv6_ipam_pool_id":"","ipv6_netmask_length":0,"main_route_table_id":"rtb-0aeaa944eccb5b947","owner_id":"473557153784","region":"us-east-1","tags":{"Name":"redmine-vpc"},"tags_all":{"Name":"redmine-vpc"}},"sensitive_attributes":[],"private":"eyJzY2hlbWFfdmVyc2lvbiI6IjEifQ=="}]},{"mode":"managed","type":"aws_vpc_security_group_egress_rule","name":"all_egress","provider":"provider[\"registry.opentofu.org/hashicorp/aws\"]","instances":[{"schema_version":0,"attributes":{"arn":"arn:aws:ec2:us-east-1:473557153784:security-group-rule/sgr-09ffa72951906a737","cidr_ipv4":"0.0.0.0/0","cidr_ipv6":null,"description":"Allow all outbound traffic","from_port":null,"id":"sgr-09ffa72951906a737","ip_protocol":"-1","prefix_list_id":null,"referenced_security_group_id":null,"region":"us-east-1","security_group_id":"sg-0306dba44e4ebc16d","security_group_rule_id":"sgr-09ffa72951906a737","tags":null,"tags_all":{},"to_port":null},"sensitive_attributes":[],"dependencies":["aws_security_group.redmine_sg","aws_vpc.main"]}]},{"mode":"managed","type":"aws_vpc_security_group_ingress_rule","name":"http_ingress","provider":"provider[\"registry.opentofu.org/hashicorp/aws\"]","instances":[{"schema_version":0,"attributes":{"arn":"arn:aws:ec2:us-east-1:473557153784:security-group-rule/sgr-0d1b480068e42e970","cidr_ipv4":"0.0.0.0/0","cidr_ipv6":null,"description":"Allow HTTP","from_port":80,"id":"sgr-0d1b480068e42e970","ip_protocol":"tcp","prefix_list_id":null,"referenced_security_group_id":null,"region":"us-east-1","security_group_id":"sg-0306dba44e4ebc16d","security_group_rule_id":"sgr-0d1b480068e42e970","tags":null,"tags_all":{},"to_port":80},"sensitive_attributes":[],"dependencies":["aws_security_group.redmine_sg","aws_vpc.main"]}]},{"mode":"managed","type":"aws_vpc_security_group_ingress_rule","name":"mysql_ingress","provider":"provider[\"registry.opentofu.org/hashicorp/aws\"]","instances":[{"schema_version":0,"attributes":{"arn":"arn:aws:ec2:us-east-1:473557153784:security-group-rule/sgr-0c93f9330ed89ca81","cidr_ipv4":"10.0.0.0/16","cidr_ipv6":null,"description":"Allow MySQL access from VPC","from_port":3306,"id":"sgr-0c93f9330ed89ca81","ip_protocol":"tcp","prefix_list_id":null,"referenced_security_group_id":null,"region":"us-east-1","security_group_id":"sg-0306dba44e4ebc16d","security_group_rule_id":"sgr-0c93f9330ed89ca81","tags":null,"tags_all":{},"to_port":3306},"sensitive_attributes":[],"dependencies":["aws_security_group.redmine_sg","aws_vpc.main"]}]},{"mode":"managed","type":"aws_vpc_security_group_ingress_rule","name":"ssh_ingress","provider":"provider[\"registry.opentofu.org/hashicorp/aws\"]","instances":[{"schema_version":0,"attributes":{"arn":"arn:aws:ec2:us-east-1:473557153784:security-group-rule/sgr-0d7529e617b267740","cidr_ipv4":"0.0.0.0/0","cidr_ipv6":null,"description":"Allow SSH","from_port":22,"id":"sgr-0d7529e617b267740","ip_protocol":"tcp","prefix_list_id":null,"referenced_security_group_id":null,"region":"us-east-1","security_group_id":"sg-0306dba44e4ebc16d","security_group_rule_id":"sgr-0d7529e617b267740","tags":null,"tags_all":{},"to_port":22},"sensitive_attributes":[],"dependencies":["aws_security_group.redmine_sg","aws_vpc.main"]}]}],"check_results":null}
