{"version":4,"terraform_version":"1.10.3","serial":5,"lineage":"ab4ccfac-d07e-01eb-70c9-36bf5cbab129","outputs":{"instance_ip":{"value":"54.204.50.31","type":"string"}},"resources":[{"mode":"data","type":"aws_ami","name":"ubuntu","provider":"provider[\"registry.opentofu.org/hashicorp/aws\"]","instances":[{"schema_version":0,"attributes":{"allow_unsafe_filter":null,"architecture":"x86_64","arn":"arn:aws:ec2:us-east-1::image/ami-0fb0b230890ccd1e6","block_device_mappings":[{"device_name":"/dev/sda1","ebs":{"delete_on_termination":"true","encrypted":"false","iops":"0","snapshot_id":"snap-01a042ee8ac5da832","throughput":"0","volume_initialization_rate":"0","volume_size":"8","volume_type":"gp2"},"no_device":"","virtual_name":""},{"device_name":"/dev/sdb","ebs":{},"no_device":"","virtual_name":"ephemeral0"},{"device_name":"/dev/sdc","ebs":{},"no_device":"","virtual_name":"ephemeral1"}],"boot_mode":"legacy-bios","creation_date":"2025-06-25T05:33:11.000Z","deprecation_time":"2027-06-25T05:33:11.000Z","description":"Canonical, Ubuntu, 20.04, amd64 focal image","ena_support":true,"executable_users":null,"filter":[{"name":"name","values":["ubuntu/images/hvm-ssd/ubuntu-focal-20.04-amd64-server-*"]},{"name":"virtualization-type","values":["hvm"]}],"hypervisor":"xen","id":"ami-0fb0b230890ccd1e6","image_id":"ami-0fb0b230890ccd1e6","image_location":"amazon/ubuntu/images/hvm-ssd/ubuntu-focal-20.04-amd64-server-20250624","image_owner_alias":"amazon","image_type":"machine","imds_support":"","include_deprecated":false,"kernel_id":"","last_launched_time":"","most_recent":true,"name":"ubuntu/images/hvm-ssd/ubuntu-focal-20.04-amd64-server-20250624","name_regex":null,"owner_id":"099720109477","owners":["099720109477"],"platform":"","platform_details":"Linux/UNIX","product_codes":[],"public":true,"ramdisk_id":"","region":"us-east-1","root_device_name":"/dev/sda1","root_device_type":"ebs","root_snapshot_id":"snap-01a042ee8ac5da832","sriov_net_support":"simple","state":"available","state_reason":{"code":"UNSET","message":"UNSET"},"tags":{},"timeouts":null,"tpm_support":"","uefi_data":null,"usage_operation":"RunInstances","virtualization_type":"hvm"},"sensitive_attributes":[]}]},{"mode":"managed","type":"aws_instance","name":"redmine","provider":"provider[\"registry.opentofu.org/hashicorp/aws\"]","instances":[{"schema_version":2,"attributes":{"ami":"ami-0fb0b230890ccd1e6","arn":"arn:aws:ec2:us-east-1:473557153784:instance/i-058e6cb74a88ac6c4","associate_public_ip_address":true,"availability_zone":"us-east-1a","capacity_reservation_specification":[{"capacity_reservation_preference":"open","capacity_reservation_target":[]}],"cpu_options":[{"amd_sev_snp":"","core_count":1,"threads_per_core":2}],"credit_specification":[{"cpu_credits":"unlimited"}],"disable_api_stop":false,"disable_api_termination":false,"ebs_block_device":[],"ebs_optimized":false,"enable_primary_ipv6":null,"enclave_options":[{"enabled":false}],"ephemeral_block_device":[],"get_password_data":false,"hibernation":false,"host_id":"","host_resource_group_arn":null,"iam_instance_profile":"","id":"i-058e6cb74a88ac6c4","instance_initiated_shutdown_behavior":"stop","instance_lifecycle":"","instance_market_options":[],"instance_state":"running","instance_type":"t3.small","ipv6_address_count":0,"ipv6_addresses":[],"key_name":"aws-key","launch_template":[],"maintenance_options":[{"auto_recovery":"default"}],"metadata_options":[{"http_endpoint":"enabled","http_protocol_ipv6":"disabled","http_put_response_hop_limit":1,"http_tokens":"optional","instance_metadata_tags":"disabled"}],"monitoring":false,"network_interface":[],"outpost_arn":"","password_data":"","placement_group":"","placement_partition_number":0,"primary_network_interface_id":"eni-06a43a333a0d15794","private_dns":"ip-10-0-1-89.ec2.internal","private_dns_name_options":[{"enable_resource_name_dns_a_record":false,"enable_resource_name_dns_aaaa_record":false,"hostname_type":"ip-name"}],"private_ip":"10.0.1.89","public_dns":"ec2-54-204-50-31.compute-1.amazonaws.com","public_ip":"54.204.50.31","region":"us-east-1","root_block_device":[{"delete_on_termination":true,"device_name":"/dev/sda1","encrypted":false,"iops":100,"kms_key_id":"","tags":{},"tags_all":{},"throughput":0,"volume_id":"vol-041b72dee15e79e0a","volume_size":8,"volume_type":"gp2"}],"secondary_private_ips":[],"security_groups":[],"source_dest_check":true,"spot_instance_request_id":"","subnet_id":"subnet-0f3e39465a428075f","tags":{"Name":"RedmineEC2"},"tags_all":{"Name":"RedmineEC2"},"tenancy":"default","timeouts":null,"user_data":null,"user_data_base64":null,"user_data_replace_on_change":false,"volume_tags":null,"vpc_security_group_ids":["sg-0bd88f1ea9214c38a"]},"sensitive_attributes":[],"private":"eyJlMmJmYjczMC1lY2FhLTExZTYtOGY4OC0zNDM2M2JjN2M0YzAiOnsiY3JlYXRlIjo2MDAwMDAwMDAwMDAsImRlbGV0ZSI6MTIwMDAwMDAwMDAwMCwicmVhZCI6OTAwMDAwMDAwMDAwLCJ1cGRhdGUiOjYwMDAwMDAwMDAwMH0sInNjaGVtYV92ZXJzaW9uIjoiMiJ9","dependencies":["aws_key_pair.aws_key","aws_security_group.redmine_sg","aws_subnet.main_subnet","aws_vpc.main","data.aws_ami.ubuntu"]}]},{"mode":"managed","type":"aws_internet_gateway","name":"igw","provider":"provider[\"registry.opentofu.org/hashicorp/aws\"]","instances":[{"schema_version":0,"attributes":{"arn":"arn:aws:ec2:us-east-1:473557153784:internet-gateway/igw-0eac3d0aa92a9932f","id":"igw-0eac3d0aa92a9932f","owner_id":"473557153784","region":"us-east-1","tags":null,"tags_all":{},"timeouts":null,"vpc_id":"vpc-003e9182337349a04"},"sensitive_attributes":[],"private":"eyJlMmJmYjczMC1lY2FhLTExZTYtOGY4OC0zNDM2M2JjN2M0YzAiOnsiY3JlYXRlIjoxMjAwMDAwMDAwMDAwLCJkZWxldGUiOjEyMDAwMDAwMDAwMDAsInVwZGF0ZSI6MTIwMDAwMDAwMDAwMH19","dependencies":["aws_vpc.main"]}]},{"mode":"managed","type":"aws_key_pair","name":"aws_key","provider":"provider[\"registry.opentofu.org/hashicorp/aws\"]","instances":[{"schema_version":1,"attributes":{"arn":"arn:aws:ec2:us-east-1:473557153784:key-pair/aws-key","fingerprint":"mXBqNzBEffUt0RBOALxjdX2XRi2b1LV7F9YFYBa40Mg=","id":"aws-key","key_name":"aws-key","key_name_prefix":"","key_pair_id":"key-0ca3b8b75da892a89","key_type":"ed25519","public_key":"ssh-ed25519 AAAAC3NzaC1lZDI1NTE5AAAAIADEBshmQ6Whrs1FUiNtHVRJBjwpNPFljhICvemk3hDx aws","region":"us-east-1","tags":{},"tags_all":{}},"sensitive_attributes":[],"private":"eyJzY2hlbWFfdmVyc2lvbiI6IjEifQ=="}]},{"mode":"managed","type":"aws_route_table","name":"public_rt","provider":"provider[\"registry.opentofu.org/hashicorp/aws\"]","instances":[{"schema_version":0,"attributes":{"arn":"arn:aws:ec2:us-east-1:473557153784:route-table/rtb-07aa65ed166c7a01b","id":"rtb-07aa65ed166c7a01b","owner_id":"473557153784","propagating_vgws":[],"region":"us-east-1","route":[{"carrier_gateway_id":"","cidr_block":"0.0.0.0/0","core_network_arn":"","destination_prefix_list_id":"","egress_only_gateway_id":"","gateway_id":"igw-0eac3d0aa92a9932f","ipv6_cidr_block":"","local_gateway_id":"","nat_gateway_id":"","network_interface_id":"","transit_gateway_id":"","vpc_endpoint_id":"","vpc_peering_connection_id":""}],"tags":null,"tags_all":{},"timeouts":null,"vpc_id":"vpc-003e9182337349a04"},"sensitive_attributes":[],"private":"eyJlMmJmYjczMC1lY2FhLTExZTYtOGY4OC0zNDM2M2JjN2M0YzAiOnsiY3JlYXRlIjozMDAwMDAwMDAwMDAsImRlbGV0ZSI6MzAwMDAwMDAwMDAwLCJ1cGRhdGUiOjEyMDAwMDAwMDAwMH19","dependencies":["aws_internet_gateway.igw","aws_vpc.main"]}]},{"mode":"managed","type":"aws_route_table_association","name":"public_rt_assoc","provider":"provider[\"registry.opentofu.org/hashicorp/aws\"]","instances":[{"schema_version":0,"attributes":{"gateway_id":"","id":"rtbassoc-0f299d753ccb5889b","region":"us-east-1","route_table_id":"rtb-07aa65ed166c7a01b","subnet_id":"subnet-0f3e39465a428075f","timeouts":null},"sensitive_attributes":[],"private":"eyJlMmJmYjczMC1lY2FhLTExZTYtOGY4OC0zNDM2M2JjN2M0YzAiOnsiY3JlYXRlIjozMDAwMDAwMDAwMDAsImRlbGV0ZSI6MzAwMDAwMDAwMDAwLCJ1cGRhdGUiOjEyMDAwMDAwMDAwMH19","dependencies":["aws_internet_gateway.igw","aws_route_table.public_rt","aws_subnet.main_subnet","aws_vpc.main"]}]},{"mode":"managed","type":"aws_security_group","name":"redmine_sg","provider":"provider[\"registry.opentofu.org/hashicorp/aws\"]","instances":[{"schema_version":1,"attributes":{"arn":"arn:aws:ec2:us-east-1:473557153784:security-group/sg-0bd88f1ea9214c38a","description":"Allow SSH and HTTP","egress":[{"cidr_blocks":["0.0.0.0/0"],"description":"Allow all outbound traffic","from_port":0,"ipv6_cidr_blocks":[],"prefix_list_ids":[],"protocol":"-1","security_groups":[],"self":false,"to_port":0}],"id":"sg-0bd88f1ea9214c38a","ingress":[{"cidr_blocks":["0.0.0.0/0"],"description":"Allow HTTP","from_port":80,"ipv6_cidr_blocks":[],"prefix_list_ids":[],"protocol":"tcp","security_groups":[],"self":false,"to_port":80},{"cidr_blocks":["0.0.0.0/0"],"description":"Allow SSH","from_port":22,"ipv6_cidr_blocks":[],"prefix_list_ids":[],"protocol":"tcp","security_groups":[],"self":false,"to_port":22}],"name":"redmine_sg","name_prefix":"","owner_id":"473557153784","region":"us-east-1","revoke_rules_on_delete":false,"tags":{},"tags_all":{},"timeouts":null,"vpc_id":"vpc-003e9182337349a04"},"sensitive_attributes":[],"private":"eyJlMmJmYjczMC1lY2FhLTExZTYtOGY4OC0zNDM2M2JjN2M0YzAiOnsiY3JlYXRlIjo2MDAwMDAwMDAwMDAsImRlbGV0ZSI6OTAwMDAwMDAwMDAwfSwic2NoZW1hX3ZlcnNpb24iOiIxIn0=","dependencies":["aws_vpc.main"]}]},{"mode":"managed","type":"aws_subnet","name":"main_subnet","provider":"provider[\"registry.opentofu.org/hashicorp/aws\"]","instances":[{"schema_version":1,"attributes":{"arn":"arn:aws:ec2:us-east-1:473557153784:subnet/subnet-0f3e39465a428075f","assign_ipv6_address_on_creation":false,"availability_zone":"us-east-1a","availability_zone_id":"use1-az6","cidr_block":"10.0.1.0/24","customer_owned_ipv4_pool":"","enable_dns64":false,"enable_lni_at_device_index":0,"enable_resource_name_dns_a_record_on_launch":false,"enable_resource_name_dns_aaaa_record_on_launch":false,"id":"subnet-0f3e39465a428075f","ipv6_cidr_block":"","ipv6_cidr_block_association_id":"","ipv6_native":false,"map_customer_owned_ip_on_launch":false,"map_public_ip_on_launch":false,"outpost_arn":"","owner_id":"473557153784","private_dns_hostname_type_on_launch":"ip-name","region":"us-east-1","tags":{"Name":"redmine-subnet"},"tags_all":{"Name":"redmine-subnet"},"timeouts":null,"vpc_id":"vpc-003e9182337349a04"},"sensitive_attributes":[],"private":"eyJlMmJmYjczMC1lY2FhLTExZTYtOGY4OC0zNDM2M2JjN2M0YzAiOnsiY3JlYXRlIjo2MDAwMDAwMDAwMDAsImRlbGV0ZSI6MTIwMDAwMDAwMDAwMH0sInNjaGVtYV92ZXJzaW9uIjoiMSJ9","dependencies":["aws_vpc.main"]}]},{"mode":"managed","type":"aws_vpc","name":"main","provider":"provider[\"registry.opentofu.org/hashicorp/aws\"]","instances":[{"schema_version":1,"attributes":{"arn":"arn:aws:ec2:us-east-1:473557153784:vpc/vpc-003e9182337349a04","assign_generated_ipv6_cidr_block":false,"cidr_block":"10.0.0.0/16","default_network_acl_id":"acl-00909fc4ca4683648","default_route_table_id":"rtb-000bca9454208d3e8","default_security_group_id":"sg-09a522db5165826be","dhcp_options_id":"dopt-0b34aeb346cefda04","enable_dns_hostnames":true,"enable_dns_support":true,"enable_network_address_usage_metrics":false,"id":"vpc-003e9182337349a04","instance_tenancy":"default","ipv4_ipam_pool_id":null,"ipv4_netmask_length":null,"ipv6_association_id":"","ipv6_cidr_block":"","ipv6_cidr_block_network_border_group":"","ipv6_ipam_pool_id":"","ipv6_netmask_length":0,"main_route_table_id":"rtb-000bca9454208d3e8","owner_id":"473557153784","region":"us-east-1","tags":{"Name":"redmine-vpc"},"tags_all":{"Name":"redmine-vpc"}},"sensitive_attributes":[],"private":"eyJzY2hlbWFfdmVyc2lvbiI6IjEifQ=="}]},{"mode":"managed","type":"aws_vpc_security_group_egress_rule","name":"all_egress","provider":"provider[\"registry.opentofu.org/hashicorp/aws\"]","instances":[{"schema_version":0,"attributes":{"arn":"arn:aws:ec2:us-east-1:473557153784:security-group-rule/sgr-06cefd6dd891acac8","cidr_ipv4":"0.0.0.0/0","cidr_ipv6":null,"description":"Allow all outbound traffic","from_port":null,"id":"sgr-06cefd6dd891acac8","ip_protocol":"-1","prefix_list_id":null,"referenced_security_group_id":null,"region":"us-east-1","security_group_id":"sg-0bd88f1ea9214c38a","security_group_rule_id":"sgr-06cefd6dd891acac8","tags":null,"tags_all":{},"to_port":null},"sensitive_attributes":[],"dependencies":["aws_security_group.redmine_sg","aws_vpc.main"]}]},{"mode":"managed","type":"aws_vpc_security_group_ingress_rule","name":"http_ingress","provider":"provider[\"registry.opentofu.org/hashicorp/aws\"]","instances":[{"schema_version":0,"attributes":{"arn":"arn:aws:ec2:us-east-1:473557153784:security-group-rule/sgr-061313603e8b10a59","cidr_ipv4":"0.0.0.0/0","cidr_ipv6":null,"description":"Allow HTTP","from_port":80,"id":"sgr-061313603e8b10a59","ip_protocol":"tcp","prefix_list_id":null,"referenced_security_group_id":null,"region":"us-east-1","security_group_id":"sg-0bd88f1ea9214c38a","security_group_rule_id":"sgr-061313603e8b10a59","tags":null,"tags_all":{},"to_port":80},"sensitive_attributes":[],"dependencies":["aws_security_group.redmine_sg","aws_vpc.main"]}]},{"mode":"managed","type":"aws_vpc_security_group_ingress_rule","name":"ssh_ingress","provider":"provider[\"registry.opentofu.org/hashicorp/aws\"]","instances":[{"schema_version":0,"attributes":{"arn":"arn:aws:ec2:us-east-1:473557153784:security-group-rule/sgr-0058eec442f876662","cidr_ipv4":"0.0.0.0/0","cidr_ipv6":null,"description":"Allow SSH","from_port":22,"id":"sgr-0058eec442f876662","ip_protocol":"tcp","prefix_list_id":null,"referenced_security_group_id":null,"region":"us-east-1","security_group_id":"sg-0bd88f1ea9214c38a","security_group_rule_id":"sgr-0058eec442f876662","tags":null,"tags_all":{},"to_port":22},"sensitive_attributes":[],"dependencies":["aws_security_group.redmine_sg","aws_vpc.main"]}]}],"check_results":null}
